# @generated - this file is auto-generated by `mise lock` https://mise.jdx.dev/dev-tools/mise-lock.html

lockfile_version = 1

[[tools.python]]
version = "3.11.16"
backend = "core:python"
specifiers = ["3.11"]

[tools.python."platforms.linux-arm64"]
checksum = "sha256:25b60109d2997f2e94b9a55e863265675a379473410ff660c867f7b7276eff0f"
url = "https://github.com/astral-sh/python-build-standalone/releases/download/20260825/cpython-3.11.16+20260825-aarch64-unknown-linux-gnu-install_only_stripped.tar.gz"
provenance = "github-attestations"

[tools.python."platforms.linux-arm64-musl"]
checksum = "sha256:1b7afc6aece04a31a13ef9bfb388eae0b19253f07ed644310bcd44c39b1a0e12"
url = "https://github.com/astral-sh/python-build-standalone/releases/download/20260825/cpython-3.11.16+20260825-aarch64-unknown-linux-musl-install_only_stripped.tar.gz"
provenance = "github-attestations"

[tools.python."platforms.linux-x64"]
checksum = "sha256:232f75c9dd6733b41a8101b5076b2a248360722dedded5688f4ac7d5931d8eac"
url = "https://github.com/astral-sh/python-build-standalone/releases/download/20260825/cpython-3.11.16+20260825-x86_64-unknown-linux-gnu-install_only_stripped.tar.gz"
provenance = "github-attestations"

[tools.python."platforms.linux-x64-musl"]
checksum = "sha256:05c4f440eb8c997463b9c35587d45d1eb736eb7e95f71432d3af69b45e9ef441"
url = "https://github.com/astral-sh/python-build-standalone/releases/download/20260825/cpython-3.11.16+20260825-x86_64-unknown-linux-musl-install_only_stripped.tar.gz"
provenance = "github-attestations"

[tools.python."platforms.macos-arm64"]
checksum = "sha256:a84adc050a29e0c7387c885ff13e6ac4b0027f9e841359e200d647313dbb5b03"
url = "https://github.com/astral-sh/python-build-standalone/releases/download/20260825/cpython-3.11.16+20260825-aarch64-apple-darwin-install_only_stripped.tar.gz"
provenance = "github-attestations"

[tools.python."platforms.macos-x64"]
checksum = "sha256:77bfa2b959edc0d653830f14f08ab8260156d4b5930368886d4e1c6a76f1d2d4"
url = "https://github.com/astral-sh/python-build-standalone/releases/download/20260825/cpython-3.11.16+20260825-x86_64-apple-darwin-install_only_stripped.tar.gz"
provenance = "github-attestations"

[tools.python."platforms.windows-x64"]
checksum = "sha256:f91242b07e318d2540f9da71162b92d494c39745abde9b994d7d906756453fc9"
url = "https://github.com/astral-sh/python-build-standalone/releases/download/20260825/cpython-3.11.16+20260825-x86_64-pc-windows-msvc-install_only_stripped.tar.gz"
provenance = "github-attestations"

[[tools.scie-pants]]
version = "0.13.2"
backend = "github:pantsbuild/scie-pants"
specifiers = ["0.13.2"]

[tools.scie-pants."platforms.linux-arm64"]
checksum = "sha256:b40b60e50e9cb69e13029e100be995fbfdb3b3799ef1ccff60a81177f78e6b82"
url = "https://github.com/pantsbuild/scie-pants/releases/download/v0.13.2/scie-pants-linux-aarch64"
url_api = "https://api.github.com/repos/pantsbuild/scie-pants/releases/assets/402421103"
provenance = "github-attestations"

[tools.scie-pants."platforms.linux-arm64-musl"]
checksum = "sha256:b40b60e50e9cb69e13029e100be995fbfdb3b3799ef1ccff60a81177f78e6b82"
url = "https://github.com/pantsbuild/scie-pants/releases/download/v0.13.2/scie-pants-linux-aarch64"
url_api = "https://api.github.com/repos/pantsbuild/scie-pants/releases/assets/402421103"
provenance = "github-attestations"

[tools.scie-pants."platforms.linux-x64"]
checksum = "sha256:74a1e53bc50d6ef6ce1bc67bd9f7b48e549505e0a2453ad4d5ccbc72b0bea874"
url = "https://github.com/pantsbuild/scie-pants/releases/download/v0.13.2/scie-pants-linux-x86_64"
url_api = "https://api.github.com/repos/pantsbuild/scie-pants/releases/assets/402421105"
provenance = "github-attestations"

[tools.scie-pants."platforms.linux-x64-musl"]
checksum = "sha256:74a1e53bc50d6ef6ce1bc67bd9f7b48e549505e0a2453ad4d5ccbc72b0bea874"
url = "https://github.com/pantsbuild/scie-pants/releases/download/v0.13.2/scie-pants-linux-x86_64"
url_api = "https://api.github.com/repos/pantsbuild/scie-pants/releases/assets/402421105"
provenance = "github-attestations"

[tools.scie-pants."platforms.macos-arm64"]
checksum = "sha256:a6f3231413ca1f793caffa621171a4b1a0158e7488cd0b5bb3e742cb99cc72a8"
url = "https://github.com/pantsbuild/scie-pants/releases/download/v0.13.2/scie-pants-macos-aarch64"
url_api = "https://api.github.com/repos/pantsbuild/scie-pants/releases/assets/402421107"
provenance = "github-attestations"
provenance_verified = true
